{
  "name": "@solflare-wallet/oh-snap",
  "version": "0.0.4",
  "lockfileVersion": 2,
  "requires": true,
  "packages": {
    "": {
      "name": "@solflare-wallet/oh-snap",
      "version": "0.0.4",
      "license": "ISC",
      "dependencies": {
        "@babel/runtime": "^7.18.9",
        "@metamask/key-tree": "^4.0.0",
        "bs58": "^5.0.0",
        "tweetnacl": "^1.0.3"
      }
    },
    "node_modules/@babel/runtime": {
      "version": "7.18.9",
      "resolved": "https://registry.npmjs.org/@babel/runtime/-/runtime-7.18.9.tgz",
      "integrity": "sha512-lkqXDcvlFT5rvEjiu6+QYO+1GXrEHRo2LOtS7E4GtX5ESIZOgepqsZBVIj6Pv+a6zqsya9VCgiK1KAK4BvJDAw==",
      "dependencies": {
        "regenerator-runtime": "^0.13.4"
      },
      "engines": {
        "node": ">=6.9.0"
      }
    },
    "node_modules/@metamask/key-tree": {
      "version": "4.0.0",
      "resolved": "https://registry.npmjs.org/@metamask/key-tree/-/key-tree-4.0.0.tgz",
      "integrity": "sha512-Pj5nN6Ko15rei6dSgQnTH64JEN1I8JuTM6Q06/1V7Xp3Fw3g3Nf1scr/u7cQnL17YxXALMCDYaEPdQveo70kSA==",
      "dependencies": {
        "@noble/ed25519": "^1.6.0",
        "@noble/hashes": "^1.0.0",
        "@noble/secp256k1": "^1.5.5",
        "@scure/base": "^1.0.0",
        "@scure/bip39": "^1.0.0"
      },
      "engines": {
        "node": ">=12.0.0"
      }
    },
    "node_modules/@noble/ed25519": {
      "version": "1.6.1",
      "resolved": "https://registry.npmjs.org/@noble/ed25519/-/ed25519-1.6.1.tgz",
      "integrity": "sha512-Gptpue6qPmg7p1E5LBO5GDtXw5WMc2DVtUmu4EQequOcoCvum1dT9sY6s9M8aSJWq9YopCN4jmTOAvqMdw3q7w==",
      "funding": [
        {
          "type": "individual",
          "url": "https://paulmillr.com/funding/"
        }
      ]
    },
    "node_modules/@noble/hashes": {
      "version": "1.1.2",
      "resolved": "https://registry.npmjs.org/@noble/hashes/-/hashes-1.1.2.tgz",
      "integrity": "sha512-KYRCASVTv6aeUi1tsF8/vpyR7zpfs3FUzy2Jqm+MU+LmUKhQ0y2FpfwqkCcxSg2ua4GALJd8k2R76WxwZGbQpA==",
      "funding": [
        {
          "type": "individual",
          "url": "https://paulmillr.com/funding/"
        }
      ]
    },
    "node_modules/@noble/secp256k1": {
      "version": "1.6.3",
      "resolved": "https://registry.npmjs.org/@noble/secp256k1/-/secp256k1-1.6.3.tgz",
      "integrity": "sha512-T04e4iTurVy7I8Sw4+c5OSN9/RkPlo1uKxAomtxQNLq8j1uPAqnsqG1bqvY3Jv7c13gyr6dui0zmh/I3+f/JaQ==",
      "funding": [
        {
          "type": "individual",
          "url": "https://paulmillr.com/funding/"
        }
      ]
    },
    "node_modules/@scure/base": {
      "version": "1.1.1",
      "resolved": "https://registry.npmjs.org/@scure/base/-/base-1.1.1.tgz",
      "integrity": "sha512-ZxOhsSyxYwLJj3pLZCefNitxsj093tb2vq90mp2txoYeBqbcjDjqFhyM8eUjq/uFm6zJ+mUuqxlS2FkuSY1MTA==",
      "funding": [
        {
          "type": "individual",
          "url": "https://paulmillr.com/funding/"
        }
      ]
    },
    "node_modules/@scure/bip39": {
      "version": "1.1.0",
      "resolved": "https://registry.npmjs.org/@scure/bip39/-/bip39-1.1.0.tgz",
      "integrity": "sha512-pwrPOS16VeTKg98dYXQyIjJEcWfz7/1YJIwxUEPFfQPtc86Ym/1sVgQ2RLoD43AazMk2l/unK4ITySSpW2+82w==",
      "funding": [
        {
          "type": "individual",
          "url": "https://paulmillr.com/funding/"
        }
      ],
      "dependencies": {
        "@noble/hashes": "~1.1.1",
        "@scure/base": "~1.1.0"
      }
    },
    "node_modules/base-x": {
      "version": "4.0.0",
      "resolved": "https://registry.npmjs.org/base-x/-/base-x-4.0.0.tgz",
      "integrity": "sha512-FuwxlW4H5kh37X/oW59pwTzzTKRzfrrQwhmyspRM7swOEZcHtDZSCt45U6oKgtuFE+WYPblePMVIPR4RZrh/hw=="
    },
    "node_modules/bs58": {
      "version": "5.0.0",
      "resolved": "https://registry.npmjs.org/bs58/-/bs58-5.0.0.tgz",
      "integrity": "sha512-r+ihvQJvahgYT50JD05dyJNKlmmSlMoOGwn1lCcEzanPglg7TxYjioQUYehQ9mAR/+hOSd2jRc/Z2y5UxBymvQ==",
      "dependencies": {
        "base-x": "^4.0.0"
      }
    },
    "node_modules/regenerator-runtime": {
      "version": "0.13.9",
      "resolved": "https://registry.npmjs.org/regenerator-runtime/-/regenerator-runtime-0.13.9.tgz",
      "integrity": "sha512-p3VT+cOEgxFsRRA9X4lkI1E+k2/CtnKtU4gcxyaCUreilL/vqI6CdZ3wxVUx3UOUg+gnUOQQcRI7BmSI656MYA=="
    },
    "node_modules/tweetnacl": {
      "version": "1.0.3",
      "resolved": "https://registry.npmjs.org/tweetnacl/-/tweetnacl-1.0.3.tgz",
      "integrity": "sha512-6rt+RN7aOi1nGMyC4Xa5DdYiukl2UWCbcJft7YhxReBGQD7OAM8Pbxw6YMo4r2diNEA8FEmu32YOn9rhaiE5yw=="
    }
  },
  "dependencies": {
    "@babel/runtime": {
      "version": "7.18.9",
      "resolved": "https://registry.npmjs.org/@babel/runtime/-/runtime-7.18.9.tgz",
      "integrity": "sha512-lkqXDcvlFT5rvEjiu6+QYO+1GXrEHRo2LOtS7E4GtX5ESIZOgepqsZBVIj6Pv+a6zqsya9VCgiK1KAK4BvJDAw==",
      "requires": {
        "regenerator-runtime": "^0.13.4"
      }
    },
    "@metamask/key-tree": {
      "version": "4.0.0",
      "resolved": "https://registry.npmjs.org/@metamask/key-tree/-/key-tree-4.0.0.tgz",
      "integrity": "sha512-Pj5nN6Ko15rei6dSgQnTH64JEN1I8JuTM6Q06/1V7Xp3Fw3g3Nf1scr/u7cQnL17YxXALMCDYaEPdQveo70kSA==",
      "requires": {
        "@noble/ed25519": "^1.6.0",
        "@noble/hashes": "^1.0.0",
        "@noble/secp256k1": "^1.5.5",
        "@scure/base": "^1.0.0",
        "@scure/bip39": "^1.0.0"
      }
    },
    "@noble/ed25519": {
      "version": "1.6.1",
      "resolved": "https://registry.npmjs.org/@noble/ed25519/-/ed25519-1.6.1.tgz",
      "integrity": "sha512-Gptpue6qPmg7p1E5LBO5GDtXw5WMc2DVtUmu4EQequOcoCvum1dT9sY6s9M8aSJWq9YopCN4jmTOAvqMdw3q7w=="
    },
    "@noble/hashes": {
      "version": "1.1.2",
      "resolved": "https://registry.npmjs.org/@noble/hashes/-/hashes-1.1.2.tgz",
      "integrity": "sha512-KYRCASVTv6aeUi1tsF8/vpyR7zpfs3FUzy2Jqm+MU+LmUKhQ0y2FpfwqkCcxSg2ua4GALJd8k2R76WxwZGbQpA=="
    },
    "@noble/secp256k1": {
      "version": "1.6.3",
      "resolved": "https://registry.npmjs.org/@noble/secp256k1/-/secp256k1-1.6.3.tgz",
      "integrity": "sha512-T04e4iTurVy7I8Sw4+c5OSN9/RkPlo1uKxAomtxQNLq8j1uPAqnsqG1bqvY3Jv7c13gyr6dui0zmh/I3+f/JaQ=="
    },
    "@scure/base": {
      "version": "1.1.1",
      "resolved": "https://registry.npmjs.org/@scure/base/-/base-1.1.1.tgz",
      "integrity": "sha512-ZxOhsSyxYwLJj3pLZCefNitxsj093tb2vq90mp2txoYeBqbcjDjqFhyM8eUjq/uFm6zJ+mUuqxlS2FkuSY1MTA=="
    },
    "@scure/bip39": {
      "version": "1.1.0",
      "resolved": "https://registry.npmjs.org/@scure/bip39/-/bip39-1.1.0.tgz",
      "integrity": "sha512-pwrPOS16VeTKg98dYXQyIjJEcWfz7/1YJIwxUEPFfQPtc86Ym/1sVgQ2RLoD43AazMk2l/unK4ITySSpW2+82w==",
      "requires": {
        "@noble/hashes": "~1.1.1",
        "@scure/base": "~1.1.0"
      }
    },
    "base-x": {
      "version": "4.0.0",
      "resolved": "https://registry.npmjs.org/base-x/-/base-x-4.0.0.tgz",
      "integrity": "sha512-FuwxlW4H5kh37X/oW59pwTzzTKRzfrrQwhmyspRM7swOEZcHtDZSCt45U6oKgtuFE+WYPblePMVIPR4RZrh/hw=="
    },
    "bs58": {
      "version": "5.0.0",
      "resolved": "https://registry.npmjs.org/bs58/-/bs58-5.0.0.tgz",
      "integrity": "sha512-r+ihvQJvahgYT50JD05dyJNKlmmSlMoOGwn1lCcEzanPglg7TxYjioQUYehQ9mAR/+hOSd2jRc/Z2y5UxBymvQ==",
      "requires": {
        "base-x": "^4.0.0"
      }
    },
    "regenerator-runtime": {
      "version": "0.13.9",
      "resolved": "https://registry.npmjs.org/regenerator-runtime/-/regenerator-runtime-0.13.9.tgz",
      "integrity": "sha512-p3VT+cOEgxFsRRA9X4lkI1E+k2/CtnKtU4gcxyaCUreilL/vqI6CdZ3wxVUx3UOUg+gnUOQQcRI7BmSI656MYA=="
    },
    "tweetnacl": {
      "version": "1.0.3",
      "resolved": "https://registry.npmjs.org/tweetnacl/-/tweetnacl-1.0.3.tgz",
      "integrity": "sha512-6rt+RN7aOi1nGMyC4Xa5DdYiukl2UWCbcJft7YhxReBGQD7OAM8Pbxw6YMo4r2diNEA8FEmu32YOn9rhaiE5yw=="
    }
  }
}
