{
  "name": "@solflare-wallet/solana-snap",
  "version": "1.0.0",
  "lockfileVersion": 2,
  "requires": true,
  "packages": {
    "": {
      "name": "@solflare-wallet/solana-snap",
      "version": "1.0.0",
      "license": "ISC",
      "dependencies": {
        "@babel/runtime": "^7.21.5",
        "@metamask/key-tree": "^7.0.0",
        "@metamask/snaps-ui": "^0.32.2",
        "bs58": "^5.0.0",
        "tweetnacl": "^1.0.3"
      }
    },
    "node_modules/@babel/runtime": {
      "version": "7.21.5",
      "resolved": "https://registry.npmjs.org/@babel/runtime/-/runtime-7.21.5.tgz",
      "integrity": "sha512-8jI69toZqqcsnqGGqwGS4Qb1VwLOEp4hz+CXPywcvjs60u3B4Pom/U/7rm4W8tMOYEB+E9wgD0mW1l3r8qlI9Q==",
      "dependencies": {
        "regenerator-runtime": "^0.13.11"
      },
      "engines": {
        "node": ">=6.9.0"
      }
    },
    "node_modules/@chainsafe/as-sha256": {
      "version": "0.4.1",
      "resolved": "https://registry.npmjs.org/@chainsafe/as-sha256/-/as-sha256-0.4.1.tgz",
      "integrity": "sha512-IqeeGwQihK6Y2EYLFofqs2eY2ep1I2MvQXHzOAI+5iQN51OZlUkrLgyAugu2x86xZewDk5xas7lNczkzFzF62w=="
    },
    "node_modules/@chainsafe/persistent-merkle-tree": {
      "version": "0.6.1",
      "resolved": "https://registry.npmjs.org/@chainsafe/persistent-merkle-tree/-/persistent-merkle-tree-0.6.1.tgz",
      "integrity": "sha512-gcENLemRR13+1MED2NeZBMA7FRS0xQPM7L2vhMqvKkjqtFT4YfjSVADq5U0iLuQLhFUJEMVuA8fbv5v+TN6O9A==",
      "dependencies": {
        "@chainsafe/as-sha256": "^0.4.1",
        "@noble/hashes": "^1.3.0"
      }
    },
    "node_modules/@chainsafe/ssz": {
      "version": "0.11.1",
      "resolved": "https://registry.npmjs.org/@chainsafe/ssz/-/ssz-0.11.1.tgz",
      "integrity": "sha512-cB8dBkgGN6ZoeOKuk+rIRHKN0L5i9JLGeC0Lui71QX0TuLcQKwgbfkUexpyJxnGFatWf8yeJxlOjozMn/OTP0g==",
      "dependencies": {
        "@chainsafe/as-sha256": "^0.4.1",
        "@chainsafe/persistent-merkle-tree": "^0.6.1"
      }
    },
    "node_modules/@ethereumjs/common": {
      "version": "3.1.2",
      "resolved": "https://registry.npmjs.org/@ethereumjs/common/-/common-3.1.2.tgz",
      "integrity": "sha512-YV+bZfRlFhAXg+FfwC5r4UQKVj4OG7vDP5/JvvNXLLbYpNplH5Vca9jD0L+ab8y0YlTYJMQM1ALyHFu3AE3eBA==",
      "dependencies": {
        "@ethereumjs/util": "^8.0.6",
        "crc-32": "^1.2.0"
      }
    },
    "node_modules/@ethereumjs/rlp": {
      "version": "4.0.1",
      "resolved": "https://registry.npmjs.org/@ethereumjs/rlp/-/rlp-4.0.1.tgz",
      "integrity": "sha512-tqsQiBQDQdmPWE1xkkBq4rlSW5QZpLOUJ5RJh2/9fug+q9tnUhuZoVLk7s0scUIKTOzEtR72DFBXI4WiZcMpvw==",
      "bin": {
        "rlp": "bin/rlp"
      },
      "engines": {
        "node": ">=14"
      }
    },
    "node_modules/@ethereumjs/tx": {
      "version": "4.1.2",
      "resolved": "https://registry.npmjs.org/@ethereumjs/tx/-/tx-4.1.2.tgz",
      "integrity": "sha512-PWWyO9lAFOiLwk7nB9OQisoJUsuvMz2PN2v4/ILbBpzamC5Ug79OddVq9r4rKvIDLPY+bn4NFerxBJg29+sjaA==",
      "dependencies": {
        "@chainsafe/ssz": "^0.11.1",
        "@ethereumjs/common": "^3.1.2",
        "@ethereumjs/rlp": "^4.0.1",
        "@ethereumjs/util": "^8.0.6",
        "ethereum-cryptography": "^2.0.0"
      },
      "engines": {
        "node": ">=14"
      },
      "peerDependencies": {
        "c-kzg": "^1.0.8"
      },
      "peerDependenciesMeta": {
        "c-kzg": {
          "optional": true
        }
      }
    },
    "node_modules/@ethereumjs/util": {
      "version": "8.0.6",
      "resolved": "https://registry.npmjs.org/@ethereumjs/util/-/util-8.0.6.tgz",
      "integrity": "sha512-zFLG/gXtF3QUC7iKFn4PT6HCr+DEnlCbwUGKGtXoqjA+64T+e0FuqMjlo4bQIY2ngRzk3EtudKdGYC4g31ehhg==",
      "dependencies": {
        "@chainsafe/ssz": "^0.11.1",
        "@ethereumjs/rlp": "^4.0.1",
        "ethereum-cryptography": "^2.0.0",
        "micro-ftch": "^0.3.1"
      },
      "engines": {
        "node": ">=14"
      }
    },
    "node_modules/@metamask/key-tree": {
      "version": "7.0.0",
      "resolved": "https://registry.npmjs.org/@metamask/key-tree/-/key-tree-7.0.0.tgz",
      "integrity": "sha512-FFSRF/hIa7MSu7oBKVjdum8oAtuiPyDfaOkbNozGFTTjEQ2kbpeOSA562FITN9BSshCi+zWEJ3LE64wODl7KAQ==",
      "dependencies": {
        "@metamask/scure-bip39": "^2.1.0",
        "@metamask/utils": "^3.3.0",
        "@noble/ed25519": "^1.6.0",
        "@noble/hashes": "^1.0.0",
        "@noble/secp256k1": "^1.5.5",
        "@scure/base": "^1.0.0"
      },
      "engines": {
        "node": ">=16.0.0"
      }
    },
    "node_modules/@metamask/scure-bip39": {
      "version": "2.1.0",
      "resolved": "https://registry.npmjs.org/@metamask/scure-bip39/-/scure-bip39-2.1.0.tgz",
      "integrity": "sha512-Ndwdnld0SI6YaftEUUVq20sdoWcWNXsJXxvQkbiY42FKmrA16U6WoSh9Eq+NpugpKKwK6f5uvaTDusjndiEDGQ==",
      "dependencies": {
        "@noble/hashes": "~1.1.1",
        "@scure/base": "~1.1.0"
      }
    },
    "node_modules/@metamask/scure-bip39/node_modules/@noble/hashes": {
      "version": "1.1.5",
      "resolved": "https://registry.npmjs.org/@noble/hashes/-/hashes-1.1.5.tgz",
      "integrity": "sha512-LTMZiiLc+V4v1Yi16TD6aX2gmtKszNye0pQgbaLqkvhIqP7nVsSaJsWloGQjJfJ8offaoP5GtX3yY5swbcJxxQ==",
      "funding": [
        {
          "type": "individual",
          "url": "https://paulmillr.com/funding/"
        }
      ]
    },
    "node_modules/@metamask/snaps-ui": {
      "version": "0.32.2",
      "resolved": "https://registry.npmjs.org/@metamask/snaps-ui/-/snaps-ui-0.32.2.tgz",
      "integrity": "sha512-Iim0OmAmmccJvUHr+1ubgjHiXJmu6R1tcoFpmYID5iMXtLKxCJc5kPAR4eI7H80Uo90mKTbMihuCP9hKxzWNmQ==",
      "dependencies": {
        "@metamask/utils": "^5.0.0",
        "superstruct": "^1.0.3"
      },
      "engines": {
        "node": ">=16.0.0"
      }
    },
    "node_modules/@metamask/snaps-ui/node_modules/@metamask/utils": {
      "version": "5.0.2",
      "resolved": "https://registry.npmjs.org/@metamask/utils/-/utils-5.0.2.tgz",
      "integrity": "sha512-yfmE79bRQtnMzarnKfX7AEJBwFTxvTyw3nBQlu/5rmGXrjAeAMltoGxO62TFurxrQAFMNa/fEjIHNvungZp0+g==",
      "dependencies": {
        "@ethereumjs/tx": "^4.1.2",
        "@types/debug": "^4.1.7",
        "debug": "^4.3.4",
        "semver": "^7.3.8",
        "superstruct": "^1.0.3"
      },
      "engines": {
        "node": ">=14.0.0"
      }
    },
    "node_modules/@metamask/utils": {
      "version": "3.4.1",
      "resolved": "https://registry.npmjs.org/@metamask/utils/-/utils-3.4.1.tgz",
      "integrity": "sha512-FjhJrplzFiPNlNNuYXkY1ave55ULLZ3+kY/d3zaW5SjS5AjszlN7gsWz74VI32qME6VyD/gdoTOgqVbKlcEnag==",
      "dependencies": {
        "@types/debug": "^4.1.7",
        "debug": "^4.3.4",
        "semver": "^7.3.8",
        "superstruct": "^1.0.3"
      },
      "engines": {
        "node": ">=14.0.0"
      }
    },
    "node_modules/@noble/curves": {
      "version": "1.0.0",
      "resolved": "https://registry.npmjs.org/@noble/curves/-/curves-1.0.0.tgz",
      "integrity": "sha512-2upgEu0iLiDVDZkNLeFV2+ht0BAVgQnEmCk6JsOch9Rp8xfkMCbvbAZlA2pBHQc73dbl+vFOXfqkf4uemdn0bw==",
      "funding": [
        {
          "type": "individual",
          "url": "https://paulmillr.com/funding/"
        }
      ],
      "dependencies": {
        "@noble/hashes": "1.3.0"
      }
    },
    "node_modules/@noble/ed25519": {
      "version": "1.6.1",
      "resolved": "https://registry.npmjs.org/@noble/ed25519/-/ed25519-1.6.1.tgz",
      "integrity": "sha512-Gptpue6qPmg7p1E5LBO5GDtXw5WMc2DVtUmu4EQequOcoCvum1dT9sY6s9M8aSJWq9YopCN4jmTOAvqMdw3q7w==",
      "funding": [
        {
          "type": "individual",
          "url": "https://paulmillr.com/funding/"
        }
      ]
    },
    "node_modules/@noble/hashes": {
      "version": "1.3.0",
      "resolved": "https://registry.npmjs.org/@noble/hashes/-/hashes-1.3.0.tgz",
      "integrity": "sha512-ilHEACi9DwqJB0pw7kv+Apvh50jiiSyR/cQ3y4W7lOR5mhvn/50FLUfsnfJz0BDZtl/RR16kXvptiv6q1msYZg==",
      "funding": [
        {
          "type": "individual",
          "url": "https://paulmillr.com/funding/"
        }
      ]
    },
    "node_modules/@noble/secp256k1": {
      "version": "1.6.3",
      "resolved": "https://registry.npmjs.org/@noble/secp256k1/-/secp256k1-1.6.3.tgz",
      "integrity": "sha512-T04e4iTurVy7I8Sw4+c5OSN9/RkPlo1uKxAomtxQNLq8j1uPAqnsqG1bqvY3Jv7c13gyr6dui0zmh/I3+f/JaQ==",
      "funding": [
        {
          "type": "individual",
          "url": "https://paulmillr.com/funding/"
        }
      ]
    },
    "node_modules/@scure/base": {
      "version": "1.1.1",
      "resolved": "https://registry.npmjs.org/@scure/base/-/base-1.1.1.tgz",
      "integrity": "sha512-ZxOhsSyxYwLJj3pLZCefNitxsj093tb2vq90mp2txoYeBqbcjDjqFhyM8eUjq/uFm6zJ+mUuqxlS2FkuSY1MTA==",
      "funding": [
        {
          "type": "individual",
          "url": "https://paulmillr.com/funding/"
        }
      ]
    },
    "node_modules/@scure/bip32": {
      "version": "1.3.0",
      "resolved": "https://registry.npmjs.org/@scure/bip32/-/bip32-1.3.0.tgz",
      "integrity": "sha512-bcKpo1oj54hGholplGLpqPHRbIsnbixFtc06nwuNM5/dwSXOq/AAYoIBRsBmnZJSdfeNW5rnff7NTAz3ZCqR9Q==",
      "funding": [
        {
          "type": "individual",
          "url": "https://paulmillr.com/funding/"
        }
      ],
      "dependencies": {
        "@noble/curves": "~1.0.0",
        "@noble/hashes": "~1.3.0",
        "@scure/base": "~1.1.0"
      }
    },
    "node_modules/@scure/bip39": {
      "version": "1.2.0",
      "resolved": "https://registry.npmjs.org/@scure/bip39/-/bip39-1.2.0.tgz",
      "integrity": "sha512-SX/uKq52cuxm4YFXWFaVByaSHJh2w3BnokVSeUJVCv6K7WulT9u2BuNRBhuFl8vAuYnzx9bEu9WgpcNYTrYieg==",
      "funding": [
        {
          "type": "individual",
          "url": "https://paulmillr.com/funding/"
        }
      ],
      "dependencies": {
        "@noble/hashes": "~1.3.0",
        "@scure/base": "~1.1.0"
      }
    },
    "node_modules/@types/debug": {
      "version": "4.1.7",
      "resolved": "https://registry.npmjs.org/@types/debug/-/debug-4.1.7.tgz",
      "integrity": "sha512-9AonUzyTjXXhEOa0DnqpzZi6VHlqKMswga9EXjpXnnqxwLtdvPPtlO8evrI5D9S6asFRCQ6v+wpiUKbw+vKqyg==",
      "dependencies": {
        "@types/ms": "*"
      }
    },
    "node_modules/@types/ms": {
      "version": "0.7.31",
      "resolved": "https://registry.npmjs.org/@types/ms/-/ms-0.7.31.tgz",
      "integrity": "sha512-iiUgKzV9AuaEkZqkOLDIvlQiL6ltuZd9tGcW3gwpnX8JbuiuhFlEGmmFXEXkN50Cvq7Os88IY2v0dkDqXYWVgA=="
    },
    "node_modules/base-x": {
      "version": "4.0.0",
      "resolved": "https://registry.npmjs.org/base-x/-/base-x-4.0.0.tgz",
      "integrity": "sha512-FuwxlW4H5kh37X/oW59pwTzzTKRzfrrQwhmyspRM7swOEZcHtDZSCt45U6oKgtuFE+WYPblePMVIPR4RZrh/hw=="
    },
    "node_modules/bs58": {
      "version": "5.0.0",
      "resolved": "https://registry.npmjs.org/bs58/-/bs58-5.0.0.tgz",
      "integrity": "sha512-r+ihvQJvahgYT50JD05dyJNKlmmSlMoOGwn1lCcEzanPglg7TxYjioQUYehQ9mAR/+hOSd2jRc/Z2y5UxBymvQ==",
      "dependencies": {
        "base-x": "^4.0.0"
      }
    },
    "node_modules/crc-32": {
      "version": "1.2.2",
      "resolved": "https://registry.npmjs.org/crc-32/-/crc-32-1.2.2.tgz",
      "integrity": "sha512-ROmzCKrTnOwybPcJApAA6WBWij23HVfGVNKqqrZpuyZOHqK2CwHSvpGuyt/UNNvaIjEd8X5IFGp4Mh+Ie1IHJQ==",
      "bin": {
        "crc32": "bin/crc32.njs"
      },
      "engines": {
        "node": ">=0.8"
      }
    },
    "node_modules/debug": {
      "version": "4.3.4",
      "resolved": "https://registry.npmjs.org/debug/-/debug-4.3.4.tgz",
      "integrity": "sha512-PRWFHuSU3eDtQJPvnNY7Jcket1j0t5OuOsFzPPzsekD52Zl8qUfFIPEiswXqIvHWGVHOgX+7G/vCNNhehwxfkQ==",
      "dependencies": {
        "ms": "2.1.2"
      },
      "engines": {
        "node": ">=6.0"
      },
      "peerDependenciesMeta": {
        "supports-color": {
          "optional": true
        }
      }
    },
    "node_modules/ethereum-cryptography": {
      "version": "2.0.0",
      "resolved": "https://registry.npmjs.org/ethereum-cryptography/-/ethereum-cryptography-2.0.0.tgz",
      "integrity": "sha512-g25m4EtfQGjstWgVE1aIz7XYYjf3kH5kG17ULWVB5dH6uLahsoltOhACzSxyDV+fhn4gbR4xRrOXGe6r2uh4Bg==",
      "dependencies": {
        "@noble/curves": "1.0.0",
        "@noble/hashes": "1.3.0",
        "@scure/bip32": "1.3.0",
        "@scure/bip39": "1.2.0"
      }
    },
    "node_modules/lru-cache": {
      "version": "6.0.0",
      "resolved": "https://registry.npmjs.org/lru-cache/-/lru-cache-6.0.0.tgz",
      "integrity": "sha512-Jo6dJ04CmSjuznwJSS3pUeWmd/H0ffTlkXXgwZi+eq1UCmqQwCh+eLsYOYCwY991i2Fah4h1BEMCx4qThGbsiA==",
      "dependencies": {
        "yallist": "^4.0.0"
      },
      "engines": {
        "node": ">=10"
      }
    },
    "node_modules/micro-ftch": {
      "version": "0.3.1",
      "resolved": "https://registry.npmjs.org/micro-ftch/-/micro-ftch-0.3.1.tgz",
      "integrity": "sha512-/0LLxhzP0tfiR5hcQebtudP56gUurs2CLkGarnCiB/OqEyUFQ6U3paQi/tgLv0hBJYt2rnr9MNpxz4fiiugstg=="
    },
    "node_modules/ms": {
      "version": "2.1.2",
      "resolved": "https://registry.npmjs.org/ms/-/ms-2.1.2.tgz",
      "integrity": "sha512-sGkPx+VjMtmA6MX27oA4FBFELFCZZ4S4XqeGOXCv68tT+jb3vk/RyaKWP0PTKyWtmLSM0b+adUTEvbs1PEaH2w=="
    },
    "node_modules/regenerator-runtime": {
      "version": "0.13.11",
      "resolved": "https://registry.npmjs.org/regenerator-runtime/-/regenerator-runtime-0.13.11.tgz",
      "integrity": "sha512-kY1AZVr2Ra+t+piVaJ4gxaFaReZVH40AKNo7UCX6W+dEwBo/2oZJzqfuN1qLq1oL45o56cPaTXELwrTh8Fpggg=="
    },
    "node_modules/semver": {
      "version": "7.3.8",
      "resolved": "https://registry.npmjs.org/semver/-/semver-7.3.8.tgz",
      "integrity": "sha512-NB1ctGL5rlHrPJtFDVIVzTyQylMLu9N9VICA6HSFJo8MCGVTMW6gfpicwKmmK/dAjTOrqu5l63JJOpDSrAis3A==",
      "dependencies": {
        "lru-cache": "^6.0.0"
      },
      "bin": {
        "semver": "bin/semver.js"
      },
      "engines": {
        "node": ">=10"
      }
    },
    "node_modules/superstruct": {
      "version": "1.0.3",
      "resolved": "https://registry.npmjs.org/superstruct/-/superstruct-1.0.3.tgz",
      "integrity": "sha512-8iTn3oSS8nRGn+C2pgXSKPI3jmpm6FExNazNpjvqS6ZUJQCej3PUXEKM8NjHBOs54ExM+LPW/FBRhymrdcCiSg==",
      "engines": {
        "node": ">=14.0.0"
      }
    },
    "node_modules/tweetnacl": {
      "version": "1.0.3",
      "resolved": "https://registry.npmjs.org/tweetnacl/-/tweetnacl-1.0.3.tgz",
      "integrity": "sha512-6rt+RN7aOi1nGMyC4Xa5DdYiukl2UWCbcJft7YhxReBGQD7OAM8Pbxw6YMo4r2diNEA8FEmu32YOn9rhaiE5yw=="
    },
    "node_modules/yallist": {
      "version": "4.0.0",
      "resolved": "https://registry.npmjs.org/yallist/-/yallist-4.0.0.tgz",
      "integrity": "sha512-3wdGidZyq5PB084XLES5TpOSRA3wjXAlIWMhum2kRcv/41Sn2emQ0dycQW4uZXLejwKvg6EsvbdlVL+FYEct7A=="
    }
  },
  "dependencies": {
    "@babel/runtime": {
      "version": "7.21.5",
      "resolved": "https://registry.npmjs.org/@babel/runtime/-/runtime-7.21.5.tgz",
      "integrity": "sha512-8jI69toZqqcsnqGGqwGS4Qb1VwLOEp4hz+CXPywcvjs60u3B4Pom/U/7rm4W8tMOYEB+E9wgD0mW1l3r8qlI9Q==",
      "requires": {
        "regenerator-runtime": "^0.13.11"
      }
    },
    "@chainsafe/as-sha256": {
      "version": "0.4.1",
      "resolved": "https://registry.npmjs.org/@chainsafe/as-sha256/-/as-sha256-0.4.1.tgz",
      "integrity": "sha512-IqeeGwQihK6Y2EYLFofqs2eY2ep1I2MvQXHzOAI+5iQN51OZlUkrLgyAugu2x86xZewDk5xas7lNczkzFzF62w=="
    },
    "@chainsafe/persistent-merkle-tree": {
      "version": "0.6.1",
      "resolved": "https://registry.npmjs.org/@chainsafe/persistent-merkle-tree/-/persistent-merkle-tree-0.6.1.tgz",
      "integrity": "sha512-gcENLemRR13+1MED2NeZBMA7FRS0xQPM7L2vhMqvKkjqtFT4YfjSVADq5U0iLuQLhFUJEMVuA8fbv5v+TN6O9A==",
      "requires": {
        "@chainsafe/as-sha256": "^0.4.1",
        "@noble/hashes": "^1.3.0"
      }
    },
    "@chainsafe/ssz": {
      "version": "0.11.1",
      "resolved": "https://registry.npmjs.org/@chainsafe/ssz/-/ssz-0.11.1.tgz",
      "integrity": "sha512-cB8dBkgGN6ZoeOKuk+rIRHKN0L5i9JLGeC0Lui71QX0TuLcQKwgbfkUexpyJxnGFatWf8yeJxlOjozMn/OTP0g==",
      "requires": {
        "@chainsafe/as-sha256": "^0.4.1",
        "@chainsafe/persistent-merkle-tree": "^0.6.1"
      }
    },
    "@ethereumjs/common": {
      "version": "3.1.2",
      "resolved": "https://registry.npmjs.org/@ethereumjs/common/-/common-3.1.2.tgz",
      "integrity": "sha512-YV+bZfRlFhAXg+FfwC5r4UQKVj4OG7vDP5/JvvNXLLbYpNplH5Vca9jD0L+ab8y0YlTYJMQM1ALyHFu3AE3eBA==",
      "requires": {
        "@ethereumjs/util": "^8.0.6",
        "crc-32": "^1.2.0"
      }
    },
    "@ethereumjs/rlp": {
      "version": "4.0.1",
      "resolved": "https://registry.npmjs.org/@ethereumjs/rlp/-/rlp-4.0.1.tgz",
      "integrity": "sha512-tqsQiBQDQdmPWE1xkkBq4rlSW5QZpLOUJ5RJh2/9fug+q9tnUhuZoVLk7s0scUIKTOzEtR72DFBXI4WiZcMpvw=="
    },
    "@ethereumjs/tx": {
      "version": "4.1.2",
      "resolved": "https://registry.npmjs.org/@ethereumjs/tx/-/tx-4.1.2.tgz",
      "integrity": "sha512-PWWyO9lAFOiLwk7nB9OQisoJUsuvMz2PN2v4/ILbBpzamC5Ug79OddVq9r4rKvIDLPY+bn4NFerxBJg29+sjaA==",
      "requires": {
        "@chainsafe/ssz": "^0.11.1",
        "@ethereumjs/common": "^3.1.2",
        "@ethereumjs/rlp": "^4.0.1",
        "@ethereumjs/util": "^8.0.6",
        "ethereum-cryptography": "^2.0.0"
      }
    },
    "@ethereumjs/util": {
      "version": "8.0.6",
      "resolved": "https://registry.npmjs.org/@ethereumjs/util/-/util-8.0.6.tgz",
      "integrity": "sha512-zFLG/gXtF3QUC7iKFn4PT6HCr+DEnlCbwUGKGtXoqjA+64T+e0FuqMjlo4bQIY2ngRzk3EtudKdGYC4g31ehhg==",
      "requires": {
        "@chainsafe/ssz": "^0.11.1",
        "@ethereumjs/rlp": "^4.0.1",
        "ethereum-cryptography": "^2.0.0",
        "micro-ftch": "^0.3.1"
      }
    },
    "@metamask/key-tree": {
      "version": "7.0.0",
      "resolved": "https://registry.npmjs.org/@metamask/key-tree/-/key-tree-7.0.0.tgz",
      "integrity": "sha512-FFSRF/hIa7MSu7oBKVjdum8oAtuiPyDfaOkbNozGFTTjEQ2kbpeOSA562FITN9BSshCi+zWEJ3LE64wODl7KAQ==",
      "requires": {
        "@metamask/scure-bip39": "^2.1.0",
        "@metamask/utils": "^3.3.0",
        "@noble/ed25519": "^1.6.0",
        "@noble/hashes": "^1.0.0",
        "@noble/secp256k1": "^1.5.5",
        "@scure/base": "^1.0.0"
      }
    },
    "@metamask/scure-bip39": {
      "version": "2.1.0",
      "resolved": "https://registry.npmjs.org/@metamask/scure-bip39/-/scure-bip39-2.1.0.tgz",
      "integrity": "sha512-Ndwdnld0SI6YaftEUUVq20sdoWcWNXsJXxvQkbiY42FKmrA16U6WoSh9Eq+NpugpKKwK6f5uvaTDusjndiEDGQ==",
      "requires": {
        "@noble/hashes": "~1.1.1",
        "@scure/base": "~1.1.0"
      },
      "dependencies": {
        "@noble/hashes": {
          "version": "1.1.5",
          "resolved": "https://registry.npmjs.org/@noble/hashes/-/hashes-1.1.5.tgz",
          "integrity": "sha512-LTMZiiLc+V4v1Yi16TD6aX2gmtKszNye0pQgbaLqkvhIqP7nVsSaJsWloGQjJfJ8offaoP5GtX3yY5swbcJxxQ=="
        }
      }
    },
    "@metamask/snaps-ui": {
      "version": "0.32.2",
      "resolved": "https://registry.npmjs.org/@metamask/snaps-ui/-/snaps-ui-0.32.2.tgz",
      "integrity": "sha512-Iim0OmAmmccJvUHr+1ubgjHiXJmu6R1tcoFpmYID5iMXtLKxCJc5kPAR4eI7H80Uo90mKTbMihuCP9hKxzWNmQ==",
      "requires": {
        "@metamask/utils": "^5.0.0",
        "superstruct": "^1.0.3"
      },
      "dependencies": {
        "@metamask/utils": {
          "version": "5.0.2",
          "resolved": "https://registry.npmjs.org/@metamask/utils/-/utils-5.0.2.tgz",
          "integrity": "sha512-yfmE79bRQtnMzarnKfX7AEJBwFTxvTyw3nBQlu/5rmGXrjAeAMltoGxO62TFurxrQAFMNa/fEjIHNvungZp0+g==",
          "requires": {
            "@ethereumjs/tx": "^4.1.2",
            "@types/debug": "^4.1.7",
            "debug": "^4.3.4",
            "semver": "^7.3.8",
            "superstruct": "^1.0.3"
          }
        }
      }
    },
    "@metamask/utils": {
      "version": "3.4.1",
      "resolved": "https://registry.npmjs.org/@metamask/utils/-/utils-3.4.1.tgz",
      "integrity": "sha512-FjhJrplzFiPNlNNuYXkY1ave55ULLZ3+kY/d3zaW5SjS5AjszlN7gsWz74VI32qME6VyD/gdoTOgqVbKlcEnag==",
      "requires": {
        "@types/debug": "^4.1.7",
        "debug": "^4.3.4",
        "semver": "^7.3.8",
        "superstruct": "^1.0.3"
      }
    },
    "@noble/curves": {
      "version": "1.0.0",
      "resolved": "https://registry.npmjs.org/@noble/curves/-/curves-1.0.0.tgz",
      "integrity": "sha512-2upgEu0iLiDVDZkNLeFV2+ht0BAVgQnEmCk6JsOch9Rp8xfkMCbvbAZlA2pBHQc73dbl+vFOXfqkf4uemdn0bw==",
      "requires": {
        "@noble/hashes": "1.3.0"
      }
    },
    "@noble/ed25519": {
      "version": "1.6.1",
      "resolved": "https://registry.npmjs.org/@noble/ed25519/-/ed25519-1.6.1.tgz",
      "integrity": "sha512-Gptpue6qPmg7p1E5LBO5GDtXw5WMc2DVtUmu4EQequOcoCvum1dT9sY6s9M8aSJWq9YopCN4jmTOAvqMdw3q7w=="
    },
    "@noble/hashes": {
      "version": "1.3.0",
      "resolved": "https://registry.npmjs.org/@noble/hashes/-/hashes-1.3.0.tgz",
      "integrity": "sha512-ilHEACi9DwqJB0pw7kv+Apvh50jiiSyR/cQ3y4W7lOR5mhvn/50FLUfsnfJz0BDZtl/RR16kXvptiv6q1msYZg=="
    },
    "@noble/secp256k1": {
      "version": "1.6.3",
      "resolved": "https://registry.npmjs.org/@noble/secp256k1/-/secp256k1-1.6.3.tgz",
      "integrity": "sha512-T04e4iTurVy7I8Sw4+c5OSN9/RkPlo1uKxAomtxQNLq8j1uPAqnsqG1bqvY3Jv7c13gyr6dui0zmh/I3+f/JaQ=="
    },
    "@scure/base": {
      "version": "1.1.1",
      "resolved": "https://registry.npmjs.org/@scure/base/-/base-1.1.1.tgz",
      "integrity": "sha512-ZxOhsSyxYwLJj3pLZCefNitxsj093tb2vq90mp2txoYeBqbcjDjqFhyM8eUjq/uFm6zJ+mUuqxlS2FkuSY1MTA=="
    },
    "@scure/bip32": {
      "version": "1.3.0",
      "resolved": "https://registry.npmjs.org/@scure/bip32/-/bip32-1.3.0.tgz",
      "integrity": "sha512-bcKpo1oj54hGholplGLpqPHRbIsnbixFtc06nwuNM5/dwSXOq/AAYoIBRsBmnZJSdfeNW5rnff7NTAz3ZCqR9Q==",
      "requires": {
        "@noble/curves": "~1.0.0",
        "@noble/hashes": "~1.3.0",
        "@scure/base": "~1.1.0"
      }
    },
    "@scure/bip39": {
      "version": "1.2.0",
      "resolved": "https://registry.npmjs.org/@scure/bip39/-/bip39-1.2.0.tgz",
      "integrity": "sha512-SX/uKq52cuxm4YFXWFaVByaSHJh2w3BnokVSeUJVCv6K7WulT9u2BuNRBhuFl8vAuYnzx9bEu9WgpcNYTrYieg==",
      "requires": {
        "@noble/hashes": "~1.3.0",
        "@scure/base": "~1.1.0"
      }
    },
    "@types/debug": {
      "version": "4.1.7",
      "resolved": "https://registry.npmjs.org/@types/debug/-/debug-4.1.7.tgz",
      "integrity": "sha512-9AonUzyTjXXhEOa0DnqpzZi6VHlqKMswga9EXjpXnnqxwLtdvPPtlO8evrI5D9S6asFRCQ6v+wpiUKbw+vKqyg==",
      "requires": {
        "@types/ms": "*"
      }
    },
    "@types/ms": {
      "version": "0.7.31",
      "resolved": "https://registry.npmjs.org/@types/ms/-/ms-0.7.31.tgz",
      "integrity": "sha512-iiUgKzV9AuaEkZqkOLDIvlQiL6ltuZd9tGcW3gwpnX8JbuiuhFlEGmmFXEXkN50Cvq7Os88IY2v0dkDqXYWVgA=="
    },
    "base-x": {
      "version": "4.0.0",
      "resolved": "https://registry.npmjs.org/base-x/-/base-x-4.0.0.tgz",
      "integrity": "sha512-FuwxlW4H5kh37X/oW59pwTzzTKRzfrrQwhmyspRM7swOEZcHtDZSCt45U6oKgtuFE+WYPblePMVIPR4RZrh/hw=="
    },
    "bs58": {
      "version": "5.0.0",
      "resolved": "https://registry.npmjs.org/bs58/-/bs58-5.0.0.tgz",
      "integrity": "sha512-r+ihvQJvahgYT50JD05dyJNKlmmSlMoOGwn1lCcEzanPglg7TxYjioQUYehQ9mAR/+hOSd2jRc/Z2y5UxBymvQ==",
      "requires": {
        "base-x": "^4.0.0"
      }
    },
    "crc-32": {
      "version": "1.2.2",
      "resolved": "https://registry.npmjs.org/crc-32/-/crc-32-1.2.2.tgz",
      "integrity": "sha512-ROmzCKrTnOwybPcJApAA6WBWij23HVfGVNKqqrZpuyZOHqK2CwHSvpGuyt/UNNvaIjEd8X5IFGp4Mh+Ie1IHJQ=="
    },
    "debug": {
      "version": "4.3.4",
      "resolved": "https://registry.npmjs.org/debug/-/debug-4.3.4.tgz",
      "integrity": "sha512-PRWFHuSU3eDtQJPvnNY7Jcket1j0t5OuOsFzPPzsekD52Zl8qUfFIPEiswXqIvHWGVHOgX+7G/vCNNhehwxfkQ==",
      "requires": {
        "ms": "2.1.2"
      }
    },
    "ethereum-cryptography": {
      "version": "2.0.0",
      "resolved": "https://registry.npmjs.org/ethereum-cryptography/-/ethereum-cryptography-2.0.0.tgz",
      "integrity": "sha512-g25m4EtfQGjstWgVE1aIz7XYYjf3kH5kG17ULWVB5dH6uLahsoltOhACzSxyDV+fhn4gbR4xRrOXGe6r2uh4Bg==",
      "requires": {
        "@noble/curves": "1.0.0",
        "@noble/hashes": "1.3.0",
        "@scure/bip32": "1.3.0",
        "@scure/bip39": "1.2.0"
      }
    },
    "lru-cache": {
      "version": "6.0.0",
      "resolved": "https://registry.npmjs.org/lru-cache/-/lru-cache-6.0.0.tgz",
      "integrity": "sha512-Jo6dJ04CmSjuznwJSS3pUeWmd/H0ffTlkXXgwZi+eq1UCmqQwCh+eLsYOYCwY991i2Fah4h1BEMCx4qThGbsiA==",
      "requires": {
        "yallist": "^4.0.0"
      }
    },
    "micro-ftch": {
      "version": "0.3.1",
      "resolved": "https://registry.npmjs.org/micro-ftch/-/micro-ftch-0.3.1.tgz",
      "integrity": "sha512-/0LLxhzP0tfiR5hcQebtudP56gUurs2CLkGarnCiB/OqEyUFQ6U3paQi/tgLv0hBJYt2rnr9MNpxz4fiiugstg=="
    },
    "ms": {
      "version": "2.1.2",
      "resolved": "https://registry.npmjs.org/ms/-/ms-2.1.2.tgz",
      "integrity": "sha512-sGkPx+VjMtmA6MX27oA4FBFELFCZZ4S4XqeGOXCv68tT+jb3vk/RyaKWP0PTKyWtmLSM0b+adUTEvbs1PEaH2w=="
    },
    "regenerator-runtime": {
      "version": "0.13.11",
      "resolved": "https://registry.npmjs.org/regenerator-runtime/-/regenerator-runtime-0.13.11.tgz",
      "integrity": "sha512-kY1AZVr2Ra+t+piVaJ4gxaFaReZVH40AKNo7UCX6W+dEwBo/2oZJzqfuN1qLq1oL45o56cPaTXELwrTh8Fpggg=="
    },
    "semver": {
      "version": "7.3.8",
      "resolved": "https://registry.npmjs.org/semver/-/semver-7.3.8.tgz",
      "integrity": "sha512-NB1ctGL5rlHrPJtFDVIVzTyQylMLu9N9VICA6HSFJo8MCGVTMW6gfpicwKmmK/dAjTOrqu5l63JJOpDSrAis3A==",
      "requires": {
        "lru-cache": "^6.0.0"
      }
    },
    "superstruct": {
      "version": "1.0.3",
      "resolved": "https://registry.npmjs.org/superstruct/-/superstruct-1.0.3.tgz",
      "integrity": "sha512-8iTn3oSS8nRGn+C2pgXSKPI3jmpm6FExNazNpjvqS6ZUJQCej3PUXEKM8NjHBOs54ExM+LPW/FBRhymrdcCiSg=="
    },
    "tweetnacl": {
      "version": "1.0.3",
      "resolved": "https://registry.npmjs.org/tweetnacl/-/tweetnacl-1.0.3.tgz",
      "integrity": "sha512-6rt+RN7aOi1nGMyC4Xa5DdYiukl2UWCbcJft7YhxReBGQD7OAM8Pbxw6YMo4r2diNEA8FEmu32YOn9rhaiE5yw=="
    },
    "yallist": {
      "version": "4.0.0",
      "resolved": "https://registry.npmjs.org/yallist/-/yallist-4.0.0.tgz",
      "integrity": "sha512-3wdGidZyq5PB084XLES5TpOSRA3wjXAlIWMhum2kRcv/41Sn2emQ0dycQW4uZXLejwKvg6EsvbdlVL+FYEct7A=="
    }
  }
}
